
Microsoft Visual Studio Solution File, Format Version 12.00
# Visual Studio Version 17
VisualStudioVersion = 17.3.32929.385
MinimumVisualStudioVersion = 10.0.40219.1
Project("{FAE04EC0-301F-11D3-BF4B-00C04F79EFBC}") = "sistemaAcademico", "sistemaAcademico\sistemaAcademico.csproj", "{4E2D5034-D25C-461A-983D-1C3D0A8A11DE}"
EndProject
Global
	GlobalSection(SolutionConfigurationPlatforms) = preSolution
		Debug|Any CPU = Debug|Any CPU
		Release|Any CPU = Release|Any CPU
	EndGlobalSection
	GlobalSection(ProjectConfigurationPlatforms) = postSolution
		{4E2D5034-D25C-461A-983D-1C3D0A8A11DE}.Debug|Any CPU.ActiveCfg = Debug|Any CPU
		{4E2D5034-D25C-461A-983D-1C3D0A8A11DE}.Debug|Any CPU.Build.0 = Debug|Any CPU
		{4E2D5034-D25C-461A-983D-1C3D0A8A11DE}.Release|Any CPU.ActiveCfg = Release|Any CPU
		{4E2D5034-D25C-461A-983D-1C3D0A8A11DE}.Release|Any CPU.Build.0 = Release|Any CPU
	EndGlobalSection
	GlobalSection(SolutionProperties) = preSolution
		HideSolutionNode = FALSE
	EndGlobalSection
	GlobalSection(ExtensibilityGlobals) = postSolution
		SolutionGuid = {32E45EE4-59CF-492D-AE49-D162E3EB4503}
	EndGlobalSection
EndGlobal
